// !$*UTF8*$!
{
	archiveVersion = 1;
	classes = {
	};
	objectVersion = 77;
	objects = {

/* Begin PBXBuildFile section */
		168F97542DE3EC2900122D9C /* info.plist in Resources */ = {isa = PBXBuildFile; fileRef = 168F97532DE3EC2100122D9C /* info.plist */; };
		21CE4955BBED88EDB2E71DBE /* Pods_FervoApp_FervoAppUITests.framework in Frameworks */ = {isa = PBXBuildFile; fileRef = 4CB0DE5565C62870BFF23DE2 /* Pods_FervoApp_FervoAppUITests.framework */; };
		833BC4BCAF762D6E221C9B25 /* Pods_FervoApp.framework in Frameworks */ = {isa = PBXBuildFile; fileRef = 4E7942AC235654A59DE30043 /* Pods_FervoApp.framework */; };
		ED4DFD42D3443B8B9D8479CA /* Pods_FervoAppTests.framework in Frameworks */ = {isa = PBXBuildFile; fileRef = 16BD56D6AE4D94CCFDD3B0D0 /* Pods_FervoAppTests.framework */; };
/* End PBXBuildFile section */

/* Begin PBXContainerItemProxy section */
		163451E92DDD107800F00BE9 /* PBXContainerItemProxy */ = {
			isa = PBXContainerItemProxy;
			containerPortal = 163451D32DDD107700F00BE9 /* Project object */;
			proxyType = 1;
			remoteGlobalIDString = 163451DA2DDD107700F00BE9;
			remoteInfo = FervoApp;
		};
		163451F32DDD107800F00BE9 /* PBXContainerItemProxy */ = {
			isa = PBXContainerItemProxy;
			containerPortal = 163451D32DDD107700F00BE9 /* Project object */;
			proxyType = 1;
			remoteGlobalIDString = 163451DA2DDD107700F00BE9;
			remoteInfo = FervoApp;
		};
/* End PBXContainerItemProxy section */

/* Begin PBXFileReference section */
		140D7AA4F380D1FFE39082DA /* Pods-FervoApp.release.xcconfig */ = {isa = PBXFileReference; includeInIndex = 1; lastKnownFileType = text.xcconfig; name = "Pods-FervoApp.release.xcconfig"; path = "Target Support Files/Pods-FervoApp/Pods-FervoApp.release.xcconfig"; sourceTree = "<group>"; };
		163451DB2DDD107700F00BE9 /* FervoApp.app */ = {isa = PBXFileReference; explicitFileType = wrapper.application; includeInIndex = 0; path = FervoApp.app; sourceTree = BUILT_PRODUCTS_DIR; };
		163451E82DDD107800F00BE9 /* FervoAppTests.xctest */ = {isa = PBXFileReference; explicitFileType = wrapper.cfbundle; includeInIndex = 0; path = FervoAppTests.xctest; sourceTree = BUILT_PRODUCTS_DIR; };
		163451F22DDD107800F00BE9 /* FervoAppUITests.xctest */ = {isa = PBXFileReference; explicitFileType = wrapper.cfbundle; includeInIndex = 0; path = FervoAppUITests.xctest; sourceTree = BUILT_PRODUCTS_DIR; };
		168F97532DE3EC2100122D9C /* info.plist */ = {isa = PBXFileReference; lastKnownFileType = text.plist; path = info.plist; sourceTree = "<group>"; };
		16BD56D6AE4D94CCFDD3B0D0 /* Pods_FervoAppTests.framework */ = {isa = PBXFileReference; explicitFileType = wrapper.framework; includeInIndex = 0; path = Pods_FervoAppTests.framework; sourceTree = BUILT_PRODUCTS_DIR; };
		4CB0DE5565C62870BFF23DE2 /* Pods_FervoApp_FervoAppUITests.framework */ = {isa = PBXFileReference; explicitFileType = wrapper.framework; includeInIndex = 0; path = Pods_FervoApp_FervoAppUITests.framework; sourceTree = BUILT_PRODUCTS_DIR; };
		4E7942AC235654A59DE30043 /* Pods_FervoApp.framework */ = {isa = PBXFileReference; explicitFileType = wrapper.framework; includeInIndex = 0; path = Pods_FervoApp.framework; sourceTree = BUILT_PRODUCTS_DIR; };
		6A8AF96594B37E01ABE3A050 /* Pods-FervoAppTests.debug.xcconfig */ = {isa = PBXFileReference; includeInIndex = 1; lastKnownFileType = text.xcconfig; name = "Pods-FervoAppTests.debug.xcconfig"; path = "Target Support Files/Pods-FervoAppTests/Pods-FervoAppTests.debug.xcconfig"; sourceTree = "<group>"; };
		9157EF1236B4F9D7AEA570FC /* Pods-FervoApp-FervoAppUITests.debug.xcconfig */ = {isa = PBXFileReference; includeInIndex = 1; lastKnownFileType = text.xcconfig; name = "Pods-FervoApp-FervoAppUITests.debug.xcconfig"; path = "Target Support Files/Pods-FervoApp-FervoAppUITests/Pods-FervoApp-FervoAppUITests.debug.xcconfig"; sourceTree = "<group>"; };
		C1AF1B52D5F74BA247A5A7E9 /* Pods-FervoApp-FervoAppUITests.release.xcconfig */ = {isa = PBXFileReference; includeInIndex = 1; lastKnownFileType = text.xcconfig; name = "Pods-FervoApp-FervoAppUITests.release.xcconfig"; path = "Target Support Files/Pods-FervoApp-FervoAppUITests/Pods-FervoApp-FervoAppUITests.release.xcconfig"; sourceTree = "<group>"; };
		E1C470DF14D030F005032C5B /* Pods-FervoApp.debug.xcconfig */ = {isa = PBXFileReference; includeInIndex = 1; lastKnownFileType = text.xcconfig; name = "Pods-FervoApp.debug.xcconfig"; path = "Target Support Files/Pods-FervoApp/Pods-FervoApp.debug.xcconfig"; sourceTree = "<group>"; };
		E91635297AB5E5598EB93DD8 /* Pods-FervoAppTests.release.xcconfig */ = {isa = PBXFileReference; includeInIndex = 1; lastKnownFileType = text.xcconfig; name = "Pods-FervoAppTests.release.xcconfig"; path = "Target Support Files/Pods-FervoAppTests/Pods-FervoAppTests.release.xcconfig"; sourceTree = "<group>"; };
/* End PBXFileReference section */

/* Begin PBXFileSystemSynchronizedRootGroup section */
		163451DD2DDD107700F00BE9 /* FervoApp */ = {
			isa = PBXFileSystemSynchronizedRootGroup;
			path = FervoApp;
			sourceTree = "<group>";
		};
		163451EB2DDD107800F00BE9 /* FervoAppTests */ = {
			isa = PBXFileSystemSynchronizedRootGroup;
			path = FervoAppTests;
			sourceTree = "<group>";
		};
		163451F52DDD107800F00BE9 /* FervoAppUITests */ = {
			isa = PBXFileSystemSynchronizedRootGroup;
			path = FervoAppUITests;
			sourceTree = "<group>";
		};
/* End PBXFileSystemSynchronizedRootGroup section */

/* Begin PBXFrameworksBuildPhase section */
		163451D82DDD107700F00BE9 /* Frameworks */ = {
			isa = PBXFrameworksBuildPhase;
			buildActionMask = 2147483647;
			files = (
				833BC4BCAF762D6E221C9B25 /* Pods_FervoApp.framework in Frameworks */,
			);
			runOnlyForDeploymentPostprocessing = 0;
		};
		163451E52DDD107800F00BE9 /* Frameworks */ = {
			isa = PBXFrameworksBuildPhase;
			buildActionMask = 2147483647;
			files = (
				ED4DFD42D3443B8B9D8479CA /* Pods_FervoAppTests.framework in Frameworks */,
			);
			runOnlyForDeploymentPostprocessing = 0;
		};
		163451EF2DDD107800F00BE9 /* Frameworks */ = {
			isa = PBXFrameworksBuildPhase;
			buildActionMask = 2147483647;
			files = (
				21CE4955BBED88EDB2E71DBE /* Pods_FervoApp_FervoAppUITests.framework in Frameworks */,
			);
			runOnlyForDeploymentPostprocessing = 0;
		};
/* End PBXFrameworksBuildPhase section */

/* Begin PBXGroup section */
		163451D22DDD107700F00BE9 = {
			isa = PBXGroup;
			children = (
				168F97532DE3EC2100122D9C /* info.plist */,
				163451DD2DDD107700F00BE9 /* FervoApp */,
				163451EB2DDD107800F00BE9 /* FervoAppTests */,
				163451F52DDD107800F00BE9 /* FervoAppUITests */,
				163451DC2DDD107700F00BE9 /* Products */,
				342610F65EF7985134E576B0 /* Pods */,
				8E90DC07055A21503D4CAEE7 /* Frameworks */,
			);
			sourceTree = "<group>";
		};
		163451DC2DDD107700F00BE9 /* Products */ = {
			isa = PBXGroup;
			children = (
				163451DB2DDD107700F00BE9 /* FervoApp.app */,
				163451E82DDD107800F00BE9 /* FervoAppTests.xctest */,
				163451F22DDD107800F00BE9 /* FervoAppUITests.xctest */,
			);
			name = Products;
			sourceTree = "<group>";
		};
		342610F65EF7985134E576B0 /* Pods */ = {
			isa = PBXGroup;
			children = (
				E1C470DF14D030F005032C5B /* Pods-FervoApp.debug.xcconfig */,
				140D7AA4F380D1FFE39082DA /* Pods-FervoApp.release.xcconfig */,
				9157EF1236B4F9D7AEA570FC /* Pods-FervoApp-FervoAppUITests.debug.xcconfig */,
				C1AF1B52D5F74BA247A5A7E9 /* Pods-FervoApp-FervoAppUITests.release.xcconfig */,
				6A8AF96594B37E01ABE3A050 /* Pods-FervoAppTests.debug.xcconfig */,
				E91635297AB5E5598EB93DD8 /* Pods-FervoAppTests.release.xcconfig */,
			);
			path = Pods;
			sourceTree = "<group>";
		};
		8E90DC07055A21503D4CAEE7 /* Frameworks */ = {
			isa = PBXGroup;
			children = (
				4E7942AC235654A59DE30043 /* Pods_FervoApp.framework */,
				4CB0DE5565C62870BFF23DE2 /* Pods_FervoApp_FervoAppUITests.framework */,
				16BD56D6AE4D94CCFDD3B0D0 /* Pods_FervoAppTests.framework */,
			);
			name = Frameworks;
			sourceTree = "<group>";
		};
/* End PBXGroup section */

/* Begin PBXNativeTarget section */
		163451DA2DDD107700F00BE9 /* FervoApp */ = {
			isa = PBXNativeTarget;
			buildConfigurationList = 163451FC2DDD107800F00BE9 /* Build configuration list for PBXNativeTarget "FervoApp" */;
			buildPhases = (
				61B714E7373A7AAA62FC79C0 /* [CP] Check Pods Manifest.lock */,
				163451D72DDD107700F00BE9 /* Sources */,
				163451D82DDD107700F00BE9 /* Frameworks */,
				163451D92DDD107700F00BE9 /* Resources */,
			);
			buildRules = (
			);
			dependencies = (
			);
			fileSystemSynchronizedGroups = (
				163451DD2DDD107700F00BE9 /* FervoApp */,
			);
			name = FervoApp;
			productName = FervoApp;
			productReference = 163451DB2DDD107700F00BE9 /* FervoApp.app */;
			productType = "com.apple.product-type.application";
		};
		163451E72DDD107800F00BE9 /* FervoAppTests */ = {
			isa = PBXNativeTarget;
			buildConfigurationList = 163451FF2DDD107800F00BE9 /* Build configuration list for PBXNativeTarget "FervoAppTests" */;
			buildPhases = (
				0AB0C3DF2BCFB37490E90241 /* [CP] Check Pods Manifest.lock */,
				163451E42DDD107800F00BE9 /* Sources */,
				163451E52DDD107800F00BE9 /* Frameworks */,
				163451E62DDD107800F00BE9 /* Resources */,
			);
			buildRules = (
			);
			dependencies = (
				163451EA2DDD107800F00BE9 /* PBXTargetDependency */,
			);
			fileSystemSynchronizedGroups = (
				163451EB2DDD107800F00BE9 /* FervoAppTests */,
			);
			name = FervoAppTests;
			productName = FervoAppTests;
			productReference = 163451E82DDD107800F00BE9 /* FervoAppTests.xctest */;
			productType = "com.apple.product-type.bundle.unit-test";
		};
		163451F12DDD107800F00BE9 /* FervoAppUITests */ = {
			isa = PBXNativeTarget;
			buildConfigurationList = 163452022DDD107800F00BE9 /* Build configuration list for PBXNativeTarget "FervoAppUITests" */;
			buildPhases = (
				69599F04E201E73F35C8823F /* [CP] Check Pods Manifest.lock */,
				163451EE2DDD107800F00BE9 /* Sources */,
				163451EF2DDD107800F00BE9 /* Frameworks */,
				163451F02DDD107800F00BE9 /* Resources */,
			);
			buildRules = (
			);
			dependencies = (
				163451F42DDD107800F00BE9 /* PBXTargetDependency */,
			);
			fileSystemSynchronizedGroups = (
				163451F52DDD107800F00BE9 /* FervoAppUITests */,
			);
			name = FervoAppUITests;
			productName = FervoAppUITests;
			productReference = 163451F22DDD107800F00BE9 /* FervoAppUITests.xctest */;
			productType = "com.apple.product-type.bundle.ui-testing";
		};
/* End PBXNativeTarget section */

/* Begin PBXProject section */
		163451D32DDD107700F00BE9 /* Project object */ = {
			isa = PBXProject;
			attributes = {
				BuildIndependentTargetsInParallel = 1;
				LastSwiftUpdateCheck = 1630;
				LastUpgradeCheck = 1630;
				TargetAttributes = {
					163451DA2DDD107700F00BE9 = {
						CreatedOnToolsVersion = 16.3;
					};
					163451E72DDD107800F00BE9 = {
						CreatedOnToolsVersion = 16.3;
						TestTargetID = 163451DA2DDD107700F00BE9;
					};
					163451F12DDD107800F00BE9 = {
						CreatedOnToolsVersion = 16.3;
						TestTargetID = 163451DA2DDD107700F00BE9;
					};
				};
			};
			buildConfigurationList = 163451D62DDD107700F00BE9 /* Build configuration list for PBXProject "FervoApp" */;
			developmentRegion = en;
			hasScannedForEncodings = 0;
			knownRegions = (
				en,
				Base,
			);
			mainGroup = 163451D22DDD107700F00BE9;
			minimizedProjectReferenceProxies = 1;
			preferredProjectObjectVersion = 77;
			productRefGroup = 163451DC2DDD107700F00BE9 /* Products */;
			projectDirPath = "";
			projectRoot = "";
			targets = (
				163451DA2DDD107700F00BE9 /* FervoApp */,
				163451E72DDD107800F00BE9 /* FervoAppTests */,
				163451F12DDD107800F00BE9 /* FervoAppUITests */,
			);
		};
/* End PBXProject section */

/* Begin PBXResourcesBuildPhase section */
		163451D92DDD107700F00BE9 /* Resources */ = {
			isa = PBXResourcesBuildPhase;
			buildActionMask = 2147483647;
			files = (
				168F97542DE3EC2900122D9C /* info.plist in Resources */,
			);
			runOnlyForDeploymentPostprocessing = 0;
		};
		163451E62DDD107800F00BE9 /* Resources */ = {
			isa = PBXResourcesBuildPhase;
			buildActionMask = 2147483647;
			files = (
			);
			runOnlyForDeploymentPostprocessing = 0;
		};
		163451F02DDD107800F00BE9 /* Resources */ = {
			isa = PBXResourcesBuildPhase;
			buildActionMask = 2147483647;
			files = (
			);
			runOnlyForDeploymentPostprocessing = 0;
		};
/* End PBXResourcesBuildPhase section */

/* Begin PBXShellScriptBuildPhase section */
		0AB0C3DF2BCFB37490E90241 /* [CP] Check Pods Manifest.lock */ = {
			isa = PBXShellScriptBuildPhase;
			buildActionMask = 2147483647;
			files = (
			);
			inputFileListPaths = (
			);
			inputPaths = (
				"${PODS_PODFILE_DIR_PATH}/Podfile.lock",
				"${PODS_ROOT}/Manifest.lock",
			);
			name = "[CP] Check Pods Manifest.lock";
			outputFileListPaths = (
			);
			outputPaths = (
				"$(DERIVED_FILE_DIR)/Pods-FervoAppTests-checkManifestLockResult.txt",
			);
			runOnlyForDeploymentPostprocessing = 0;
			shellPath = /bin/sh;
			shellScript = "diff \"${PODS_PODFILE_DIR_PATH}/Podfile.lock\" \"${PODS_ROOT}/Manifest.lock\" > /dev/null\nif [ $? != 0 ] ; then\n    # print error to STDERR\n    echo \"error: The sandbox is not in sync with the Podfile.lock. Run 'pod install' or update your CocoaPods installation.\" >&2\n    exit 1\nfi\n# This output is used by Xcode 'outputs' to avoid re-running this script phase.\necho \"SUCCESS\" > \"${SCRIPT_OUTPUT_FILE_0}\"\n";
			showEnvVarsInLog = 0;
		};
		61B714E7373A7AAA62FC79C0 /* [CP] Check Pods Manifest.lock */ = {
			isa = PBXShellScriptBuildPhase;
			buildActionMask = 2147483647;
			files = (
			);
			inputFileListPaths = (
			);
			inputPaths = (
				"${PODS_PODFILE_DIR_PATH}/Podfile.lock",
				"${PODS_ROOT}/Manifest.lock",
			);
			name = "[CP] Check Pods Manifest.lock";
			outputFileListPaths = (
			);
			outputPaths = (
				"$(DERIVED_FILE_DIR)/Pods-FervoApp-checkManifestLockResult.txt",
			);
			runOnlyForDeploymentPostprocessing = 0;
			shellPath = /bin/sh;
			shellScript = "diff \"${PODS_PODFILE_DIR_PATH}/Podfile.lock\" \"${PODS_ROOT}/Manifest.lock\" > /dev/null\nif [ $? != 0 ] ; then\n    # print error to STDERR\n    echo \"error: The sandbox is not in sync with the Podfile.lock. Run 'pod install' or update your CocoaPods installation.\" >&2\n    exit 1\nfi\n# This output is used by Xcode 'outputs' to avoid re-running this script phase.\necho \"SUCCESS\" > \"${SCRIPT_OUTPUT_FILE_0}\"\n";
			showEnvVarsInLog = 0;
		};
		69599F04E201E73F35C8823F /* [CP] Check Pods Manifest.lock */ = {
			isa = PBXShellScriptBuildPhase;
			buildActionMask = 2147483647;
			files = (
			);
			inputFileListPaths = (
			);
			inputPaths = (
				"${PODS_PODFILE_DIR_PATH}/Podfile.lock",
				"${PODS_ROOT}/Manifest.lock",
			);
			name = "[CP] Check Pods Manifest.lock";
			outputFileListPaths = (
			);
			outputPaths = (
				"$(DERIVED_FILE_DIR)/Pods-FervoApp-FervoAppUITests-checkManifestLockResult.txt",
			);
			runOnlyForDeploymentPostprocessing = 0;
			shellPath = /bin/sh;
			shellScript = "diff \"${PODS_PODFILE_DIR_PATH}/Podfile.lock\" \"${PODS_ROOT}/Manifest.lock\" > /dev/null\nif [ $? != 0 ] ; then\n    # print error to STDERR\n    echo \"error: The sandbox is not in sync with the Podfile.lock. Run 'pod install' or update your CocoaPods installation.\" >&2\n    exit 1\nfi\n# This output is used by Xcode 'outputs' to avoid re-running this script phase.\necho \"SUCCESS\" > \"${SCRIPT_OUTPUT_FILE_0}\"\n";
			showEnvVarsInLog = 0;
		};
/* End PBXShellScriptBuildPhase section */

/* Begin PBXSourcesBuildPhase section */
		163451D72DDD107700F00BE9 /* Sources */ = {
			isa = PBXSourcesBuildPhase;
			buildActionMask = 2147483647;
			files = (
			);
			runOnlyForDeploymentPostprocessing = 0;
		};
		163451E42DDD107800F00BE9 /* Sources */ = {
			isa = PBXSourcesBuildPhase;
			buildActionMask = 2147483647;
			files = (
			);
			runOnlyForDeploymentPostprocessing = 0;
		};
		163451EE2DDD107800F00BE9 /* Sources */ = {
			isa = PBXSourcesBuildPhase;
			buildActionMask = 2147483647;
			files = (
			);
			runOnlyForDeploymentPostprocessing = 0;
		};
/* End PBXSourcesBuildPhase section */

/* Begin PBXTargetDependency section */
		163451EA2DDD107800F00BE9 /* PBXTargetDependency */ = {
			isa = PBXTargetDependency;
			target = 163451DA2DDD107700F00BE9 /* FervoApp */;
			targetProxy = 163451E92DDD107800F00BE9 /* PBXContainerItemProxy */;
		};
		163451F42DDD107800F00BE9 /* PBXTargetDependency */ = {
			isa = PBXTargetDependency;
			target = 163451DA2DDD107700F00BE9 /* FervoApp */;
			targetProxy = 163451F32DDD107800F00BE9 /* PBXContainerItemProxy */;
		};
/* End PBXTargetDependency section */

/* Begin XCBuildConfiguration section */
		163451FA2DDD107800F00BE9 /* Debug */ = {
			isa = XCBuildConfiguration;
			buildSettings = {
				ALWAYS_SEARCH_USER_PATHS = NO;
				ASSETCATALOG_COMPILER_GENERATE_SWIFT_ASSET_SYMBOL_EXTENSIONS = YES;
				CLANG_ANALYZER_NONNULL = YES;
				CLANG_ANALYZER_NUMBER_OBJECT_CONVERSION = YES_AGGRESSIVE;
				CLANG_CXX_LANGUAGE_STANDARD = "gnu++20";
				CLANG_ENABLE_MODULES = YES;
				CLANG_ENABLE_OBJC_ARC = YES;
				CLANG_ENABLE_OBJC_WEAK = YES;
				CLANG_WARN_BLOCK_CAPTURE_AUTORELEASING = YES;
				CLANG_WARN_BOOL_CONVERSION = YES;
				CLANG_WARN_COMMA = YES;
				CLANG_WARN_CONSTANT_CONVERSION = YES;
				CLANG_WARN_DEPRECATED_OBJC_IMPLEMENTATIONS = YES;
				CLANG_WARN_DIRECT_OBJC_ISA_USAGE = YES_ERROR;
				CLANG_WARN_DOCUMENTATION_COMMENTS = YES;
				CLANG_WARN_EMPTY_BODY = YES;
				CLANG_WARN_ENUM_CONVERSION = YES;
				CLANG_WARN_INFINITE_RECURSION = YES;
				CLANG_WARN_INT_CONVERSION = YES;
				CLANG_WARN_NON_LITERAL_NULL_CONVERSION = YES;
				CLANG_WARN_OBJC_IMPLICIT_RETAIN_SELF = YES;
				CLANG_WARN_OBJC_LITERAL_CONVERSION = YES;
				CLANG_WARN_OBJC_ROOT_CLASS = YES_ERROR;
				CLANG_WARN_QUOTED_INCLUDE_IN_FRAMEWORK_HEADER = YES;
				CLANG_WARN_RANGE_LOOP_ANALYSIS = YES;
				CLANG_WARN_STRICT_PROTOTYPES = YES;
				CLANG_WARN_SUSPICIOUS_MOVE = YES;
				CLANG_WARN_UNGUARDED_AVAILABILITY = YES_AGGRESSIVE;
				CLANG_WARN_UNREACHABLE_CODE = YES;
				CLANG_WARN__DUPLICATE_METHOD_MATCH = YES;
				COPY_PHASE_STRIP = NO;
				DEBUG_INFORMATION_FORMAT = dwarf;
				DEVELOPMENT_TEAM = B26UWH9L8Q;
				ENABLE_STRICT_OBJC_MSGSEND = YES;
				ENABLE_TESTABILITY = YES;
				ENABLE_USER_SCRIPT_SANDBOXING = YES;
				GCC_C_LANGUAGE_STANDARD = gnu17;
				GCC_DYNAMIC_NO_PIC = NO;
				GCC_NO_COMMON_BLOCKS = YES;
				GCC_OPTIMIZATION_LEVEL = 0;
				GCC_PREPROCESSOR_DEFINITIONS = (
					"DEBUG=1",
					"$(inherited)",
				);
				GCC_WARN_64_TO_32_BIT_CONVERSION = YES;
				GCC_WARN_ABOUT_RETURN_TYPE = YES_ERROR;
				GCC_WARN_UNDECLARED_SELECTOR = YES;
				GCC_WARN_UNINITIALIZED_AUTOS = YES_AGGRESSIVE;
				GCC_WARN_UNUSED_FUNCTION = YES;
				GCC_WARN_UNUSED_VARIABLE = YES;
				IPHONEOS_DEPLOYMENT_TARGET = 18.4;
				LOCALIZATION_PREFERS_STRING_CATALOGS = YES;
				MTL_ENABLE_DEBUG_INFO = INCLUDE_SOURCE;
				MTL_FAST_MATH = YES;
				ONLY_ACTIVE_ARCH = YES;
				SDKROOT = iphoneos;
				SWIFT_ACTIVE_COMPILATION_CONDITIONS = "DEBUG $(inherited)";
				SWIFT_OPTIMIZATION_LEVEL = "-Onone";
			};
			name = Debug;
		};
		163451FB2DDD107800F00BE9 /* Release */ = {
			isa = XCBuildConfiguration;
			buildSettings = {
				ALWAYS_SEARCH_USER_PATHS = NO;
				ASSETCATALOG_COMPILER_GENERATE_SWIFT_ASSET_SYMBOL_EXTENSIONS = YES;
				CLANG_ANALYZER_NONNULL = YES;
				CLANG_ANALYZER_NUMBER_OBJECT_CONVERSION = YES_AGGRESSIVE;
				CLANG_CXX_LANGUAGE_STANDARD = "gnu++20";
				CLANG_ENABLE_MODULES = YES;
				CLANG_ENABLE_OBJC_ARC = YES;
				CLANG_ENABLE_OBJC_WEAK = YES;
				CLANG_WARN_BLOCK_CAPTURE_AUTORELEASING = YES;
				CLANG_WARN_BOOL_CONVERSION = YES;
				CLANG_WARN_COMMA = YES;
				CLANG_WARN_CONSTANT_CONVERSION = YES;
				CLANG_WARN_DEPRECATED_OBJC_IMPLEMENTATIONS = YES;
				CLANG_WARN_DIRECT_OBJC_ISA_USAGE = YES_ERROR;
				CLANG_WARN_DOCUMENTATION_COMMENTS = YES;
				CLANG_WARN_EMPTY_BODY = YES;
				CLANG_WARN_ENUM_CONVERSION = YES;
				CLANG_WARN_INFINITE_RECURSION = YES;
				CLANG_WARN_INT_CONVERSION = YES;
				CLANG_WARN_NON_LITERAL_NULL_CONVERSION = YES;
				CLANG_WARN_OBJC_IMPLICIT_RETAIN_SELF = YES;
				CLANG_WARN_OBJC_LITERAL_CONVERSION = YES;
				CLANG_WARN_OBJC_ROOT_CLASS = YES_ERROR;
				CLANG_WARN_QUOTED_INCLUDE_IN_FRAMEWORK_HEADER = YES;
				CLANG_WARN_RANGE_LOOP_ANALYSIS = YES;
				CLANG_WARN_STRICT_PROTOTYPES = YES;
				CLANG_WARN_SUSPICIOUS_MOVE = YES;
				CLANG_WARN_UNGUARDED_AVAILABILITY = YES_AGGRESSIVE;
				CLANG_WARN_UNREACHABLE_CODE = YES;
				CLANG_WARN__DUPLICATE_METHOD_MATCH = YES;
				COPY_PHASE_STRIP = NO;
				DEBUG_INFORMATION_FORMAT = "dwarf-with-dsym";
				DEVELOPMENT_TEAM = B26UWH9L8Q;
				ENABLE_NS_ASSERTIONS = NO;
				ENABLE_STRICT_OBJC_MSGSEND = YES;
				ENABLE_USER_SCRIPT_SANDBOXING = YES;
				GCC_C_LANGUAGE_STANDARD = gnu17;
				GCC_NO_COMMON_BLOCKS = YES;
				GCC_WARN_64_TO_32_BIT_CONVERSION = YES;
				GCC_WARN_ABOUT_RETURN_TYPE = YES_ERROR;
				GCC_WARN_UNDECLARED_SELECTOR = YES;
				GCC_WARN_UNINITIALIZED_AUTOS = YES_AGGRESSIVE;
				GCC_WARN_UNUSED_FUNCTION = YES;
				GCC_WARN_UNUSED_VARIABLE = YES;
				IPHONEOS_DEPLOYMENT_TARGET = 18.4;
				LOCALIZATION_PREFERS_STRING_CATALOGS = YES;
				MTL_ENABLE_DEBUG_INFO = NO;
				MTL_FAST_MATH = YES;
				SDKROOT = iphoneos;
				SWIFT_COMPILATION_MODE = wholemodule;
				VALIDATE_PRODUCT = YES;
			};
			name = Release;
		};
		163451FD2DDD107800F00BE9 /* Debug */ = {
			isa = XCBuildConfiguration;
			baseConfigurationReference = E1C470DF14D030F005032C5B /* Pods-FervoApp.debug.xcconfig */;
			buildSettings = {
				ASSETCATALOG_COMPILER_APPICON_NAME = AppIcon;
				ASSETCATALOG_COMPILER_GLOBAL_ACCENT_COLOR_NAME = AccentColor;
				CODE_SIGN_STYLE = Automatic;
				CURRENT_PROJECT_VERSION = 1;
				DEVELOPMENT_TEAM = B26UWH9L8Q;
				ENABLE_PREVIEWS = YES;
				GENERATE_INFOPLIST_FILE = YES;
				INFOPLIST_KEY_UIApplicationSceneManifest_Generation = YES;
				INFOPLIST_KEY_UIApplicationSupportsIndirectInputEvents = YES;
				INFOPLIST_KEY_UILaunchScreen_Generation = YES;
				INFOPLIST_KEY_UISupportedInterfaceOrientations_iPad = "UIInterfaceOrientationPortrait UIInterfaceOrientationPortraitUpsideDown UIInterfaceOrientationLandscapeLeft UIInterfaceOrientationLandscapeRight";
				INFOPLIST_KEY_UISupportedInterfaceOrientations_iPhone = "UIInterfaceOrientationPortrait UIInterfaceOrientationLandscapeLeft UIInterfaceOrientationLandscapeRight";
				LD_RUNPATH_SEARCH_PATHS = (
					"$(inherited)",
					"@executable_path/Frameworks",
				);
				MARKETING_VERSION = 1.0;
				PRODUCT_BUNDLE_IDENTIFIER = leosetrop.FervoApp;
				PRODUCT_NAME = "$(TARGET_NAME)";
				SWIFT_EMIT_LOC_STRINGS = YES;
				SWIFT_VERSION = 5.0;
				TARGETED_DEVICE_FAMILY = "1,2";
			};
			name = Debug;
		};
		163451FE2DDD107800F00BE9 /* Release */ = {
			isa = XCBuildConfiguration;
			baseConfigurationReference = 140D7AA4F380D1FFE39082DA /* Pods-FervoApp.release.xcconfig */;
			buildSettings = {
				ASSETCATALOG_COMPILER_APPICON_NAME = AppIcon;
				ASSETCATALOG_COMPILER_GLOBAL_ACCENT_COLOR_NAME = AccentColor;
				CODE_SIGN_STYLE = Automatic;
				CURRENT_PROJECT_VERSION = 1;
				DEVELOPMENT_TEAM = B26UWH9L8Q;
				ENABLE_PREVIEWS = YES;
				GENERATE_INFOPLIST_FILE = YES;
				INFOPLIST_KEY_UIApplicationSceneManifest_Generation = YES;
				INFOPLIST_KEY_UIApplicationSupportsIndirectInputEvents = YES;
				INFOPLIST_KEY_UILaunchScreen_Generation = YES;
				INFOPLIST_KEY_UISupportedInterfaceOrientations_iPad = "UIInterfaceOrientationPortrait UIInterfaceOrientationPortraitUpsideDown UIInterfaceOrientationLandscapeLeft UIInterfaceOrientationLandscapeRight";
				INFOPLIST_KEY_UISupportedInterfaceOrientations_iPhone = "UIInterfaceOrientationPortrait UIInterfaceOrientationLandscapeLeft UIInterfaceOrientationLandscapeRight";
				LD_RUNPATH_SEARCH_PATHS = (
					"$(inherited)",
					"@executable_path/Frameworks",
				);
				MARKETING_VERSION = 1.0;
				PRODUCT_BUNDLE_IDENTIFIER = leosetrop.FervoApp;
				PRODUCT_NAME = "$(TARGET_NAME)";
				SWIFT_EMIT_LOC_STRINGS = YES;
				SWIFT_VERSION = 5.0;
				TARGETED_DEVICE_FAMILY = "1,2";
			};
			name = Release;
		};
		163452002DDD107800F00BE9 /* Debug */ = {
			isa = XCBuildConfiguration;
			baseConfigurationReference = 6A8AF96594B37E01ABE3A050 /* Pods-FervoAppTests.debug.xcconfig */;
			buildSettings = {
				BUNDLE_LOADER = "$(TEST_HOST)";
				CODE_SIGN_STYLE = Automatic;
				CURRENT_PROJECT_VERSION = 1;
				DEVELOPMENT_TEAM = B26UWH9L8Q;
				GENERATE_INFOPLIST_FILE = YES;
				IPHONEOS_DEPLOYMENT_TARGET = 18.4;
				MARKETING_VERSION = 1.0;
				PRODUCT_BUNDLE_IDENTIFIER = leosetrop.FervoAppTests;
				PRODUCT_NAME = "$(TARGET_NAME)";
				SWIFT_EMIT_LOC_STRINGS = NO;
				SWIFT_VERSION = 5.0;
				TARGETED_DEVICE_FAMILY = "1,2";
				TEST_HOST = "$(BUILT_PRODUCTS_DIR)/FervoApp.app/$(BUNDLE_EXECUTABLE_FOLDER_PATH)/FervoApp";
			};
			name = Debug;
		};
		163452012DDD107800F00BE9 /* Release */ = {
			isa = XCBuildConfiguration;
			baseConfigurationReference = E91635297AB5E5598EB93DD8 /* Pods-FervoAppTests.release.xcconfig */;
			buildSettings = {
				BUNDLE_LOADER = "$(TEST_HOST)";
				CODE_SIGN_STYLE = Automatic;
				CURRENT_PROJECT_VERSION = 1;
				DEVELOPMENT_TEAM = B26UWH9L8Q;
				GENERATE_INFOPLIST_FILE = YES;
				IPHONEOS_DEPLOYMENT_TARGET = 18.4;
				MARKETING_VERSION = 1.0;
				PRODUCT_BUNDLE_IDENTIFIER = leosetrop.FervoAppTests;
				PRODUCT_NAME = "$(TARGET_NAME)";
				SWIFT_EMIT_LOC_STRINGS = NO;
				SWIFT_VERSION = 5.0;
				TARGETED_DEVICE_FAMILY = "1,2";
				TEST_HOST = "$(BUILT_PRODUCTS_DIR)/FervoApp.app/$(BUNDLE_EXECUTABLE_FOLDER_PATH)/FervoApp";
			};
			name = Release;
		};
		163452032DDD107800F00BE9 /* Debug */ = {
			isa = XCBuildConfiguration;
			baseConfigurationReference = 9157EF1236B4F9D7AEA570FC /* Pods-FervoApp-FervoAppUITests.debug.xcconfig */;
			buildSettings = {
				CODE_SIGN_STYLE = Automatic;
				CURRENT_PROJECT_VERSION = 1;
				DEVELOPMENT_TEAM = B26UWH9L8Q;
				GENERATE_INFOPLIST_FILE = YES;
				MARKETING_VERSION = 1.0;
				PRODUCT_BUNDLE_IDENTIFIER = leosetrop.FervoAppUITests;
				PRODUCT_NAME = "$(TARGET_NAME)";
				SWIFT_EMIT_LOC_STRINGS = NO;
				SWIFT_VERSION = 5.0;
				TARGETED_DEVICE_FAMILY = "1,2";
				TEST_TARGET_NAME = FervoApp;
			};
			name = Debug;
		};
		163452042DDD107800F00BE9 /* Release */ = {
			isa = XCBuildConfiguration;
			baseConfigurationReference = C1AF1B52D5F74BA247A5A7E9 /* Pods-FervoApp-FervoAppUITests.release.xcconfig */;
			buildSettings = {
				CODE_SIGN_STYLE = Automatic;
				CURRENT_PROJECT_VERSION = 1;
				DEVELOPMENT_TEAM = B26UWH9L8Q;
				GENERATE_INFOPLIST_FILE = YES;
				MARKETING_VERSION = 1.0;
				PRODUCT_BUNDLE_IDENTIFIER = leosetrop.FervoAppUITests;
				PRODUCT_NAME = "$(TARGET_NAME)";
				SWIFT_EMIT_LOC_STRINGS = NO;
				SWIFT_VERSION = 5.0;
				TARGETED_DEVICE_FAMILY = "1,2";
				TEST_TARGET_NAME = FervoApp;
			};
			name = Release;
		};
/* End XCBuildConfiguration section */

/* Begin XCConfigurationList section */
		163451D62DDD107700F00BE9 /* Build configuration list for PBXProject "FervoApp" */ = {
			isa = XCConfigurationList;
			buildConfigurations = (
				163451FA2DDD107800F00BE9 /* Debug */,
				163451FB2DDD107800F00BE9 /* Release */,
			);
			defaultConfigurationIsVisible = 0;
			defaultConfigurationName = Release;
		};
		163451FC2DDD107800F00BE9 /* Build configuration list for PBXNativeTarget "FervoApp" */ = {
			isa = XCConfigurationList;
			buildConfigurations = (
				163451FD2DDD107800F00BE9 /* Debug */,
				163451FE2DDD107800F00BE9 /* Release */,
			);
			defaultConfigurationIsVisible = 0;
			defaultConfigurationName = Release;
		};
		163451FF2DDD107800F00BE9 /* Build configuration list for PBXNativeTarget "FervoAppTests" */ = {
			isa = XCConfigurationList;
			buildConfigurations = (
				163452002DDD107800F00BE9 /* Debug */,
				163452012DDD107800F00BE9 /* Release */,
			);
			defaultConfigurationIsVisible = 0;
			defaultConfigurationName = Release;
		};
		163452022DDD107800F00BE9 /* Build configuration list for PBXNativeTarget "FervoAppUITests" */ = {
			isa = XCConfigurationList;
			buildConfigurations = (
				163452032DDD107800F00BE9 /* Debug */,
				163452042DDD107800F00BE9 /* Release */,
			);
			defaultConfigurationIsVisible = 0;
			defaultConfigurationName = Release;
		};
/* End XCConfigurationList section */
	};
	rootObject = 163451D32DDD107700F00BE9 /* Project object */;
}
